# Full hash-locked Python environment of the analyzer image (D-043 point 3,
# phase 2 ter; rebuilt on our own Python base in the Python phase, D-052).
# Every distribution of the image is declared here (the build fails
# otherwise, check_lock.py) and installed, every entry hash-checked, on the
# digest-pinned Python base (PYTHON_BASE, docker-compose.build.yml) with:
#   pip install --require-hashes --no-deps -r requirements.lock
# The compiled wheels are specific to the Python minor version of that base:
# changing Python means regenerating this file (docs/maintenance-dependances.md).
#
# Generated on 2026-10-07 inside the image base (PYTHON_BASE of
# docker-compose.build.yml, Python 3.14.8;
# same versions as for 3.12.15, only the compiled wheels changed), with pip
# from requirements-build.txt:
#   pip install --dry-run --ignore-installed --only-binary=:all: --report report.json \
#       -r names.txt -c constraints.txt
# names.txt = every entry of this file except the two models; constraints.txt =
# their versions. The resolution must return exactly the constrained set.
# presidio-analyzer: the library itself, from its PyPI wheel (same 179 files as
# the code of the upstream image 2.2.364, D-052 point 1); its REST server files
# are in server/. Capped by their dependents: numpy (presidio-analyzer:
# <2.5.0), thinc (spacy 3.8: <8.4.0), gunicorn (presidio-analyzer[server]:
# <26.0.0, EXT-60, D-052 point 3: 25.3.0, latest 25.x, no OSV advisory on
# 2026-10-07).
annotated-doc==0.0.5 \
    --hash=sha256:117bac03a25ede5df5440e855b32d556049ca169ead221505badf432fed4b101
annotated-types==0.8.0 \
    --hash=sha256:f072f4d804ea359e4eaf198b1af7a8b0943881a87f31bb764f8bf219bb9419e0
anyio==4.15.1 \
    --hash=sha256:6152fdbbf9a77fdec97731721bebf7c4c44f7c29b424b0065826173efc7ed101
blinker==1.9.0 \
    --hash=sha256:ba0efaa9080b619ff2f3459d1d500c57bddea4a6b424b60a91141db6fd2f08bc
blis==1.3.3 \
    --hash=sha256:f36c0ca84a05ee5d3dbaa38056c4423c1fc29948b17a7923dd2fed8967375d74
catalogue==2.0.10 \
    --hash=sha256:58c2de0020aa90f4a2da7dfad161bf7b3b054c86a5f09fcedc0b2b740c109a9f
certifi==2026.7.22 \
    --hash=sha256:62f22742b58a1a33014a2b6b706588a8d7e2a88ae7bd1a6ebe8c992928483775
charset-normalizer==3.5.2 \
    --hash=sha256:34276fd796040bf0993ab33a369aa572e6979c7aab225a88893667ad8eac8f7a
click==8.5.0 \
    --hash=sha256:255bc9599cf7748b4b1a446ccc735421bd08a2ae529a8b88597d3de5664ee360
cloudpathlib==0.26.0 \
    --hash=sha256:abcd7f54bcbb2fbb79c0e96b79241f08866760aee6276586882b3558672d571b
confection==1.3.3 \
    --hash=sha256:b9fef9ee84b237ef4611ec3eb5797b70e13063e6310ad9f15536373f5e313c82
cymem==2.0.13 \
    --hash=sha256:68489bf0035c4c280614067ab6a82815b01dc9fcd486742a5306fe9f68deb7ef
filelock==4.0.12 \
    --hash=sha256:5f17ee83ecee8a6f3e389c75822fb70a1c2f0506b99438a6dffa1d56793588c8
Flask==3.1.3 \
    --hash=sha256:f4bcbefc124291925f1a26446da31a5178f9483862233b23c0c96a20701f670c
gunicorn==25.3.0 \
    --hash=sha256:cacea387dab08cd6776501621c295a904fe8e3b7aae9a1a3cbb26f4e7ed54660
h11==0.16.0 \
    --hash=sha256:63cf8bbe7522de3bf65932fda1d9c2772064ffb3dae62d55932da54b31cb6c86
httpcore==1.0.9 \
    --hash=sha256:2d400746a40668fc9dec9810239072b40b4484b640a8c38fd654a024c7a1bf55
httpx==0.28.1 \
    --hash=sha256:d909fcccc110f8c7faf814ca82a9a4d816bc5a6dbfea25d6591d6985b8ba59ad
idna==3.20 \
    --hash=sha256:ab7ae7122974553370f0bdb919e1a960b2cd1bc1ef0276416d896db81c14582c
itsdangerous==2.2.0 \
    --hash=sha256:c6242fc49e35958c8b15141343aa660db5fc54d4f13a1db01a3f5891b98700ef
Jinja2==3.1.6 \
    --hash=sha256:85ece4451f492d0c13c5dd7c13a64681a86afae63a5f347908daf103ce6d2f67
markdown-it-py==4.2.0 \
    --hash=sha256:9f7ebbcd14fe59494226453aed97c1070d83f8d24b6fc3a3bcf9a38092641c4a
MarkupSafe==3.0.4 \
    --hash=sha256:a8e9f292fcda89b324f2f5c91d13f1424a153e40fc2756f38ee23b15835ff300
mdurl==0.1.2 \
    --hash=sha256:84008a41e51615a49fc9966191ff91509e3c40b939176e643fd50a5c2196b8f8
murmurhash==1.0.15 \
    --hash=sha256:d7e47c5746785db6a43b65fac47b9e63dd71dfbd89a8c92693425b9715e68c6e
numpy==2.4.6 \
    --hash=sha256:a2c306dea656c12c68f51f4cea133cbe78ca7435eb28c735eac1d3ebe73be6e8
packaging==26.3 \
    --hash=sha256:d7193f7c8e4e93f444fde0262bf90af30e16fa0ad0ad44cb553c87339b23cd1c
phonenumbers==9.0.40 \
    --hash=sha256:189c028c4acd41ee80782e50f74a91260bd76d9115c83be94302509e1cdb5e84
preshed==3.0.13 \
    --hash=sha256:d4ae5cfe075bb7a07982e382bca44f41ddf041f4d24cbd358e8cccfc049259b8
presidio_analyzer==2.2.364 \
    --hash=sha256:0a9eeb60ccc416c505367b4989d056becb84ef082703ee3361c046fb75941739
pydantic==2.13.5 \
    --hash=sha256:346a034f080da3755d8e9cb5e00e8b07de1d39e4f6e2c87d8ab7cafa0b269a73
pydantic_core==2.46.5 \
    --hash=sha256:54d510bac3ee52247af28ed4bb18a1e799f040ac60fd2bf5ccd4c92f1fbe786f
Pygments==2.21.0 \
    --hash=sha256:2363c69b61c4a97c838da3b130dcd6468f4848992b21a82f2a63ec34377137d9
PyYAML==6.0.3 \
    --hash=sha256:c458b6d084f9b935061bc36216e8a69a7e293a2f1e68bf956dcd9e6cbcd143f5
regex==2026.9.29 \
    --hash=sha256:2f7f7aa47b229f2b39a2ae2596d2ad5625d77b5eb9856fac2dab3eb506cdd0a0
requests==2.34.2 \
    --hash=sha256:2a0d60c172f83ac6ab31e4554906c0f3b3588d37b5cb939b1c061f4907e278e0
requests-file==3.0.1 \
    --hash=sha256:d0f5eb94353986d998f80ac63c7f146a307728be051d4d1cd390dbdb59c10fa2
rich==15.0.0 \
    --hash=sha256:33bd4ef74232fb73fe9279a257718407f169c09b78a87ad3d296f548e27de0bb
setuptools==84.0.0 \
    --hash=sha256:51a52592b3b99e102b609654876bd65f19f999935166d1352678931132b0c670
shellingham==1.5.4 \
    --hash=sha256:7ecfff8f2fd72616f7481040475a65b2bf8af90a56c89140852d1120324e8686
smart_open==8.0.2 \
    --hash=sha256:7ff6e4acf454269905db0c747f5d14fdba6056db572c0f8398043676dc91515c
spacy==3.8.16 \
    --hash=sha256:6c51eac85344784ca7b184f0c3f7da0fca47c354d63e05e733d90cae35a2ecc4
spacy-legacy==3.0.12 \
    --hash=sha256:476e3bd0d05f8c339ed60f40986c07387c0a71479245d6d0f4298dbd52cda55f
spacy-loggers==1.0.5 \
    --hash=sha256:196284c9c446cc0cdb944005384270d775fdeaf4f494d8e269466cfa497ef645
srsly==2.5.4 \
    --hash=sha256:5bd3bb57db07e59a6366ffcf1cfca75a82d058ed4e08021408f29a7d8a0aa781
thinc==8.3.13 \
    --hash=sha256:f4f26d1eec9b2a6a8f2e0298a5515d13eb06d70730d0d9e1040bb329e12bf3fb
tldextract==5.4.0 \
    --hash=sha256:7f02aed30bd3b6ad5717192eb859a39b20aafc7caf3917d9cf6cb00a58efb34f
tqdm==4.70.1 \
    --hash=sha256:c293e525e6fef9c20e8728fd4612df02a0aa31bb5fe91ecd93e123b1b7bffa73
typer==0.27.2 \
    --hash=sha256:b3a5fc4342d5fc8fda8fc3010b1cf117e9249aab7fae800c2eff62fd3842d97d
typing-inspection==0.4.4 \
    --hash=sha256:65b8397ba37ccbce054456aaccddfc91e6e3083c92824df348d96ca832f3f147
typing_extensions==4.16.0 \
    --hash=sha256:481caa481374e813c1b176ada14e97f1f67a4539ce9cfeb3f350d78d6370c2e8
urllib3==2.8.0 \
    --hash=sha256:0cf3cae568d36aa9576b28dfb35f11328f1cb974ca7647d9475ebb86c75ac6e3
wasabi==1.1.3 \
    --hash=sha256:f76e16e8f7e79f8c4c8be49b4024ac725713ab10cd7f19350ad18a8e3f71728c
weasel==1.0.0 \
    --hash=sha256:89518acee027f49d743126c3502d35e6dd14f5768be5c37c9af47c171b6005cc
Werkzeug==3.1.9 \
    --hash=sha256:6392e50c78460ba618e5b21f08a71f59c99ce99cdc6cf6e3dd7e6ccca8754fab
wrapt==2.5.0 \
    --hash=sha256:b640460f0ffb346b192686bd6fac5589e35a6c6640501c59a9fb6e82b0dd6bd8
# spaCy models: not on PyPI, GitHub release assets of explosion/spacy-models
# (fr_core_news_md 3.8.0 is the only release for spaCy 3.8). pip downloads
# them and rejects any other file; check_lock.py compares the SHA-256 recorded
# at install time. Limit (D-052 point 8): GitHub publishes no digest for these
# assets, so the hashes only prove "same files as before": en_core_web_lg's is
# the one recorded by the upstream Presidio image (direct_url.json),
# fr_core_news_md's the one of our phase 2 bis install; the installed model
# files were checked byte for byte against the previous image (Python phase).
en_core_web_lg @ https://github.com/explosion/spacy-models/releases/download/en_core_web_lg-3.8.0/en_core_web_lg-3.8.0-py3-none-any.whl \
    --hash=sha256:293e9547a655b25499198ab15a525b05b9407a75f10255e405e8c3854329ab63
fr_core_news_md @ https://github.com/explosion/spacy-models/releases/download/fr_core_news_md-3.8.0/fr_core_news_md-3.8.0-py3-none-any.whl \
    --hash=sha256:8a70d090a54ef77525c3ffa6a6195b9d365f2cf369ae1cd84ede93f3d709079e
